
Microsoft Visual Studio Solution File, Format Version 12.00
# Visual Studio Version 16
VisualStudioVersion = 16.0.31313.79
MinimumVisualStudioVersion = 10.0.40219.1
Project("{F184B08F-C81C-45F6-A57F-5ABD9991F28F}") = "ch8p13", "ch8p13\ch8p13.vbproj", "{FE030B78-ED12-4533-9D75-1D985ED51B20}"
EndProject
Global
	GlobalSection(SolutionConfigurationPlatforms) = preSolution
		Debug|Any CPU = Debug|Any CPU
		Release|Any CPU = Release|Any CPU
	EndGlobalSection
	GlobalSection(ProjectConfigurationPlatforms) = postSolution
		{FE030B78-ED12-4533-9D75-1D985ED51B20}.Debug|Any CPU.ActiveCfg = Debug|Any CPU
		{FE030B78-ED12-4533-9D75-1D985ED51B20}.Debug|Any CPU.Build.0 = Debug|Any CPU
		{FE030B78-ED12-4533-9D75-1D985ED51B20}.Release|Any CPU.ActiveCfg = Release|Any CPU
		{FE030B78-ED12-4533-9D75-1D985ED51B20}.Release|Any CPU.Build.0 = Release|Any CPU
	EndGlobalSection
	GlobalSection(SolutionProperties) = preSolution
		HideSolutionNode = FALSE
	EndGlobalSection
	GlobalSection(ExtensibilityGlobals) = postSolution
		SolutionGuid = {48226042-23CA-4B9C-ACD8-24178FDB3177}
	EndGlobalSection
EndGlobal
